
Microsoft Visual Studio Solution File, Format Version 12.00
Project("{2150E333-8FDC-42A3-9474-1A3956D46DE8}") = "1.Enterprise Business Rules", "1.Enterprise Business Rules", "{DEC3B54D-EA52-441A-BA46-8BB6F217A297}"
EndProject
Project("{FAE04EC0-301F-11D3-BF4B-00C04F79EFBC}") = "DevSchool.Entities", "DevSchool.Entities\DevSchool.Entities.csproj", "{AA3CF7ED-4AA9-4BF8-AC43-95F501B2D1F3}"
EndProject
Project("{FAE04EC0-301F-11D3-BF4B-00C04F79EFBC}") = "DevSchool.Entities.Abstractions", "DevSchool.Entities.Abstractions\DevSchool.Entities.Abstractions.csproj", "{E4A00F35-6491-4861-B62A-F8681EB57E12}"
EndProject
Project("{FAE04EC0-301F-11D3-BF4B-00C04F79EFBC}") = "DevSchool.Entities.EFCore", "DevSchool.Entities.EFCore\DevSchool.Entities.EFCore.csproj", "{8BAE7ED6-D30B-4608-BF32-ADA6D5523A8B}"
EndProject
Project("{FAE04EC0-301F-11D3-BF4B-00C04F79EFBC}") = "DevSchool.Entities.Events", "DevSchool.Entities.Events\DevSchool.Entities.Events.csproj", "{3E16FDEE-3BBD-4DB7-9F77-33B3D1F3F719}"
EndProject
Project("{2150E333-8FDC-42A3-9474-1A3956D46DE8}") = "src", "src", "{7C31A833-72A3-4722-A7F9-6C85F9081923}"
EndProject
Project("{2150E333-8FDC-42A3-9474-1A3956D46DE8}") = "2.Application Business Rules", "2.Application Business Rules", "{F48FFFD8-1226-4A11-A555-1EE8AAACB909}"
EndProject
Project("{2150E333-8FDC-42A3-9474-1A3956D46DE8}") = "3.Interface Adapters", "3.Interface Adapters", "{AF4D2710-7204-4BE6-9DC3-74A20DB5BCBB}"
EndProject
Project("{2150E333-8FDC-42A3-9474-1A3956D46DE8}") = "4.Frameworks And Drivers", "4.Frameworks And Drivers", "{1B4AF390-73E1-45BD-9340-52B2A57D23DB}"
EndProject
Project("{2150E333-8FDC-42A3-9474-1A3956D46DE8}") = "People", "People", "{05172D7C-2589-477F-B77F-869F47192716}"
EndProject
Project("{FAE04EC0-301F-11D3-BF4B-00C04F79EFBC}") = "DevScnool.People.BusinessObjects", "DevScnool.People.BusinessObjects\DevScnool.People.BusinessObjects.csproj", "{5C2ED061-9F74-44D0-B0B4-C6D3FB16B384}"
EndProject
Project("{2150E333-8FDC-42A3-9474-1A3956D46DE8}") = "People", "People", "{1E9FDE29-5814-4917-B349-A0209F0E48E6}"
EndProject
Project("{FAE04EC0-301F-11D3-BF4B-00C04F79EFBC}") = "DevSchool.People.Controllers", "DevSchool.People.Controllers\DevSchool.People.Controllers.csproj", "{ACC06E46-589B-4A41-A187-701ADBE33008}"
EndProject
Project("{FAE04EC0-301F-11D3-BF4B-00C04F79EFBC}") = "DevSchool.People.UseCases", "DevSchool.People.UseCases\DevSchool.People.UseCases.csproj", "{A3B54F00-5EAE-4217-ADB8-48F69780A439}"
EndProject
Project("{2150E333-8FDC-42A3-9474-1A3956D46DE8}") = "Controllers", "Controllers", "{CAE4945F-609C-4BBA-A807-ACD53CF93E65}"
EndProject
Project("{2150E333-8FDC-42A3-9474-1A3956D46DE8}") = "Gateways", "Gateways", "{0E11C460-603B-4ACB-9E47-7665A9481A20}"
EndProject
Project("{2150E333-8FDC-42A3-9474-1A3956D46DE8}") = "Presenters", "Presenters", "{7699CCA1-C1FB-40B5-9040-D71912239E52}"
EndProject
Project("{FAE04EC0-301F-11D3-BF4B-00C04F79EFBC}") = "DevSchool.People.Presenters", "DevSchool.People.Presenters\DevSchool.People.Presenters.csproj", "{D231C3B3-2E43-45E8-B011-B40B56FD60A9}"
EndProject
Global
	GlobalSection(SolutionConfigurationPlatforms) = preSolution
		Debug|Any CPU = Debug|Any CPU
		Release|Any CPU = Release|Any CPU
	EndGlobalSection
	GlobalSection(NestedProjects) = preSolution
		{AA3CF7ED-4AA9-4BF8-AC43-95F501B2D1F3} = {DEC3B54D-EA52-441A-BA46-8BB6F217A297}
		{E4A00F35-6491-4861-B62A-F8681EB57E12} = {DEC3B54D-EA52-441A-BA46-8BB6F217A297}
		{8BAE7ED6-D30B-4608-BF32-ADA6D5523A8B} = {DEC3B54D-EA52-441A-BA46-8BB6F217A297}
		{3E16FDEE-3BBD-4DB7-9F77-33B3D1F3F719} = {DEC3B54D-EA52-441A-BA46-8BB6F217A297}
		{DEC3B54D-EA52-441A-BA46-8BB6F217A297} = {7C31A833-72A3-4722-A7F9-6C85F9081923}
		{F48FFFD8-1226-4A11-A555-1EE8AAACB909} = {7C31A833-72A3-4722-A7F9-6C85F9081923}
		{AF4D2710-7204-4BE6-9DC3-74A20DB5BCBB} = {7C31A833-72A3-4722-A7F9-6C85F9081923}
		{1B4AF390-73E1-45BD-9340-52B2A57D23DB} = {7C31A833-72A3-4722-A7F9-6C85F9081923}
		{05172D7C-2589-477F-B77F-869F47192716} = {F48FFFD8-1226-4A11-A555-1EE8AAACB909}
		{5C2ED061-9F74-44D0-B0B4-C6D3FB16B384} = {05172D7C-2589-477F-B77F-869F47192716}
		{1E9FDE29-5814-4917-B349-A0209F0E48E6} = {AF4D2710-7204-4BE6-9DC3-74A20DB5BCBB}
		{A3B54F00-5EAE-4217-ADB8-48F69780A439} = {05172D7C-2589-477F-B77F-869F47192716}
		{CAE4945F-609C-4BBA-A807-ACD53CF93E65} = {1E9FDE29-5814-4917-B349-A0209F0E48E6}
		{ACC06E46-589B-4A41-A187-701ADBE33008} = {CAE4945F-609C-4BBA-A807-ACD53CF93E65}
		{0E11C460-603B-4ACB-9E47-7665A9481A20} = {1E9FDE29-5814-4917-B349-A0209F0E48E6}
		{7699CCA1-C1FB-40B5-9040-D71912239E52} = {1E9FDE29-5814-4917-B349-A0209F0E48E6}
		{D231C3B3-2E43-45E8-B011-B40B56FD60A9} = {7699CCA1-C1FB-40B5-9040-D71912239E52}
	EndGlobalSection
	GlobalSection(ProjectConfigurationPlatforms) = postSolution
		{AA3CF7ED-4AA9-4BF8-AC43-95F501B2D1F3}.Debug|Any CPU.ActiveCfg = Debug|Any CPU
		{AA3CF7ED-4AA9-4BF8-AC43-95F501B2D1F3}.Debug|Any CPU.Build.0 = Debug|Any CPU
		{AA3CF7ED-4AA9-4BF8-AC43-95F501B2D1F3}.Release|Any CPU.ActiveCfg = Release|Any CPU
		{AA3CF7ED-4AA9-4BF8-AC43-95F501B2D1F3}.Release|Any CPU.Build.0 = Release|Any CPU
		{E4A00F35-6491-4861-B62A-F8681EB57E12}.Debug|Any CPU.ActiveCfg = Debug|Any CPU
		{E4A00F35-6491-4861-B62A-F8681EB57E12}.Debug|Any CPU.Build.0 = Debug|Any CPU
		{E4A00F35-6491-4861-B62A-F8681EB57E12}.Release|Any CPU.ActiveCfg = Release|Any CPU
		{E4A00F35-6491-4861-B62A-F8681EB57E12}.Release|Any CPU.Build.0 = Release|Any CPU
		{8BAE7ED6-D30B-4608-BF32-ADA6D5523A8B}.Debug|Any CPU.ActiveCfg = Debug|Any CPU
		{8BAE7ED6-D30B-4608-BF32-ADA6D5523A8B}.Debug|Any CPU.Build.0 = Debug|Any CPU
		{8BAE7ED6-D30B-4608-BF32-ADA6D5523A8B}.Release|Any CPU.ActiveCfg = Release|Any CPU
		{8BAE7ED6-D30B-4608-BF32-ADA6D5523A8B}.Release|Any CPU.Build.0 = Release|Any CPU
		{3E16FDEE-3BBD-4DB7-9F77-33B3D1F3F719}.Debug|Any CPU.ActiveCfg = Debug|Any CPU
		{3E16FDEE-3BBD-4DB7-9F77-33B3D1F3F719}.Debug|Any CPU.Build.0 = Debug|Any CPU
		{3E16FDEE-3BBD-4DB7-9F77-33B3D1F3F719}.Release|Any CPU.ActiveCfg = Release|Any CPU
		{3E16FDEE-3BBD-4DB7-9F77-33B3D1F3F719}.Release|Any CPU.Build.0 = Release|Any CPU
		{5C2ED061-9F74-44D0-B0B4-C6D3FB16B384}.Debug|Any CPU.ActiveCfg = Debug|Any CPU
		{5C2ED061-9F74-44D0-B0B4-C6D3FB16B384}.Debug|Any CPU.Build.0 = Debug|Any CPU
		{5C2ED061-9F74-44D0-B0B4-C6D3FB16B384}.Release|Any CPU.ActiveCfg = Release|Any CPU
		{5C2ED061-9F74-44D0-B0B4-C6D3FB16B384}.Release|Any CPU.Build.0 = Release|Any CPU
		{ACC06E46-589B-4A41-A187-701ADBE33008}.Debug|Any CPU.ActiveCfg = Debug|Any CPU
		{ACC06E46-589B-4A41-A187-701ADBE33008}.Debug|Any CPU.Build.0 = Debug|Any CPU
		{ACC06E46-589B-4A41-A187-701ADBE33008}.Release|Any CPU.ActiveCfg = Release|Any CPU
		{ACC06E46-589B-4A41-A187-701ADBE33008}.Release|Any CPU.Build.0 = Release|Any CPU
		{A3B54F00-5EAE-4217-ADB8-48F69780A439}.Debug|Any CPU.ActiveCfg = Debug|Any CPU
		{A3B54F00-5EAE-4217-ADB8-48F69780A439}.Debug|Any CPU.Build.0 = Debug|Any CPU
		{A3B54F00-5EAE-4217-ADB8-48F69780A439}.Release|Any CPU.ActiveCfg = Release|Any CPU
		{A3B54F00-5EAE-4217-ADB8-48F69780A439}.Release|Any CPU.Build.0 = Release|Any CPU
		{D231C3B3-2E43-45E8-B011-B40B56FD60A9}.Debug|Any CPU.ActiveCfg = Debug|Any CPU
		{D231C3B3-2E43-45E8-B011-B40B56FD60A9}.Debug|Any CPU.Build.0 = Debug|Any CPU
		{D231C3B3-2E43-45E8-B011-B40B56FD60A9}.Release|Any CPU.ActiveCfg = Release|Any CPU
		{D231C3B3-2E43-45E8-B011-B40B56FD60A9}.Release|Any CPU.Build.0 = Release|Any CPU
	EndGlobalSection
EndGlobal
